{
  "name": "music",
  "version": "1.0.0",
  "lockfileVersion": 1,
  "requires": true,
  "dependencies": {
    "bootstrap": {
      "version": "4.5.3",
      "resolved": "https://registry.npm.taobao.org/bootstrap/download/bootstrap-4.5.3.tgz",
      "integrity": "sha1-xqcrNVqvMjkgvoACRqbk7zCZf+Y="
    },
    "jquery": {
      "version": "1.12.4",
      "resolved": "https://registry.npm.taobao.org/jquery/download/jquery-1.12.4.tgz",
      "integrity": "sha1-AeHfuikP5z3rp3zurLD5ui/sngw="
    }
  }
}
